
Microsoft Visual Studio Solution File, Format Version 12.00
# Visual Studio Version 17
VisualStudioVersion = 17.5.33502.453
MinimumVisualStudioVersion = 10.0.40219.1
Project("{F184B08F-C81C-45F6-A57F-5ABD9991F28F}") = "27_ContextMenuStrip", "27_ContextMenuStrip.vbproj", "{FCEA6AC8-34AE-4234-BA6F-833B1965CFD0}"
EndProject
Global
	GlobalSection(SolutionConfigurationPlatforms) = preSolution
		Debug|Any CPU = Debug|Any CPU
		Release|Any CPU = Release|Any CPU
	EndGlobalSection
	GlobalSection(ProjectConfigurationPlatforms) = postSolution
		{FCEA6AC8-34AE-4234-BA6F-833B1965CFD0}.Debug|Any CPU.ActiveCfg = Debug|Any CPU
		{FCEA6AC8-34AE-4234-BA6F-833B1965CFD0}.Debug|Any CPU.Build.0 = Debug|Any CPU
		{FCEA6AC8-34AE-4234-BA6F-833B1965CFD0}.Release|Any CPU.ActiveCfg = Release|Any CPU
		{FCEA6AC8-34AE-4234-BA6F-833B1965CFD0}.Release|Any CPU.Build.0 = Release|Any CPU
	EndGlobalSection
	GlobalSection(SolutionProperties) = preSolution
		HideSolutionNode = FALSE
	EndGlobalSection
	GlobalSection(ExtensibilityGlobals) = postSolution
		SolutionGuid = {EBBD2CF5-0AC9-49EB-B95C-F044740407AE}
	EndGlobalSection
EndGlobal
