
Microsoft Visual Studio Solution File, Format Version 12.00
# Visual Studio Version 17
VisualStudioVersion = 17.5.33502.453
MinimumVisualStudioVersion = 10.0.40219.1
Project("{F184B08F-C81C-45F6-A57F-5ABD9991F28F}") = "13_Checked_List_Box", "13_Checked_List_Box.vbproj", "{147A6A74-54DE-44F5-BF4C-D5F5F2633B8A}"
EndProject
Global
	GlobalSection(SolutionConfigurationPlatforms) = preSolution
		Debug|Any CPU = Debug|Any CPU
		Release|Any CPU = Release|Any CPU
	EndGlobalSection
	GlobalSection(ProjectConfigurationPlatforms) = postSolution
		{147A6A74-54DE-44F5-BF4C-D5F5F2633B8A}.Debug|Any CPU.ActiveCfg = Debug|Any CPU
		{147A6A74-54DE-44F5-BF4C-D5F5F2633B8A}.Debug|Any CPU.Build.0 = Debug|Any CPU
		{147A6A74-54DE-44F5-BF4C-D5F5F2633B8A}.Release|Any CPU.ActiveCfg = Release|Any CPU
		{147A6A74-54DE-44F5-BF4C-D5F5F2633B8A}.Release|Any CPU.Build.0 = Release|Any CPU
	EndGlobalSection
	GlobalSection(SolutionProperties) = preSolution
		HideSolutionNode = FALSE
	EndGlobalSection
	GlobalSection(ExtensibilityGlobals) = postSolution
		SolutionGuid = {5C2D5A24-8B05-4B5E-9020-5E99FEE78740}
	EndGlobalSection
EndGlobal
