
Microsoft Visual Studio Solution File, Format Version 12.00
# Visual Studio Version 17
VisualStudioVersion = 17.5.33502.453
MinimumVisualStudioVersion = 10.0.40219.1
Project("{F184B08F-C81C-45F6-A57F-5ABD9991F28F}") = "32_SubRotina_ComParametros", "32_SubRotina_ComParametros.vbproj", "{0CCAC991-3F37-4B44-874D-7BCFA12F8924}"
EndProject
Global
	GlobalSection(SolutionConfigurationPlatforms) = preSolution
		Debug|Any CPU = Debug|Any CPU
		Release|Any CPU = Release|Any CPU
	EndGlobalSection
	GlobalSection(ProjectConfigurationPlatforms) = postSolution
		{0CCAC991-3F37-4B44-874D-7BCFA12F8924}.Debug|Any CPU.ActiveCfg = Debug|Any CPU
		{0CCAC991-3F37-4B44-874D-7BCFA12F8924}.Debug|Any CPU.Build.0 = Debug|Any CPU
		{0CCAC991-3F37-4B44-874D-7BCFA12F8924}.Release|Any CPU.ActiveCfg = Release|Any CPU
		{0CCAC991-3F37-4B44-874D-7BCFA12F8924}.Release|Any CPU.Build.0 = Release|Any CPU
	EndGlobalSection
	GlobalSection(SolutionProperties) = preSolution
		HideSolutionNode = FALSE
	EndGlobalSection
	GlobalSection(ExtensibilityGlobals) = postSolution
		SolutionGuid = {719B1E23-0A70-4CDC-AA56-0DC0E60EB58E}
	EndGlobalSection
EndGlobal
