
Microsoft Visual Studio Solution File, Format Version 12.00
# Visual Studio Version 17
VisualStudioVersion = 17.5.33502.453
MinimumVisualStudioVersion = 10.0.40219.1
Project("{F184B08F-C81C-45F6-A57F-5ABD9991F28F}") = "23_Timer", "23_Timer.vbproj", "{22FB3EA0-84F1-4F70-A4D6-732E90256F09}"
EndProject
Global
	GlobalSection(SolutionConfigurationPlatforms) = preSolution
		Debug|Any CPU = Debug|Any CPU
		Release|Any CPU = Release|Any CPU
	EndGlobalSection
	GlobalSection(ProjectConfigurationPlatforms) = postSolution
		{22FB3EA0-84F1-4F70-A4D6-732E90256F09}.Debug|Any CPU.ActiveCfg = Debug|Any CPU
		{22FB3EA0-84F1-4F70-A4D6-732E90256F09}.Debug|Any CPU.Build.0 = Debug|Any CPU
		{22FB3EA0-84F1-4F70-A4D6-732E90256F09}.Release|Any CPU.ActiveCfg = Release|Any CPU
		{22FB3EA0-84F1-4F70-A4D6-732E90256F09}.Release|Any CPU.Build.0 = Release|Any CPU
	EndGlobalSection
	GlobalSection(SolutionProperties) = preSolution
		HideSolutionNode = FALSE
	EndGlobalSection
	GlobalSection(ExtensibilityGlobals) = postSolution
		SolutionGuid = {E220D0BD-2057-4AA5-8CC3-8D32EDE64F8A}
	EndGlobalSection
EndGlobal
